// !$*UTF8*$!
{
	archiveVersion = 1;
	classes = {
	};
	objectVersion = 56;
	objects = {

/* Begin PBXBuildFile section */
		BA217BEB2BAFC06A006550D6 /* CheckmarkPopoverView.swift in Sources */ = {isa = PBXBuildFile; fileRef = BA217BEA2BAFC06A006550D6 /* CheckmarkPopoverView.swift */; };
		BA2E6B4C2BAF018600D1DC7A /* PeopleViewModel.swift in Sources */ = {isa = PBXBuildFile; fileRef = BA2E6B4B2BAF018600D1DC7A /* PeopleViewModel.swift */; };
		BA2E6B4E2BAF056500D1DC7A /* DetailViewModel.swift in Sources */ = {isa = PBXBuildFile; fileRef = BA2E6B4D2BAF056500D1DC7A /* DetailViewModel.swift */; };
		BA2E6B502BAF2D4800D1DC7A /* NewPerson.swift in Sources */ = {isa = PBXBuildFile; fileRef = BA2E6B4F2BAF2D4800D1DC7A /* NewPerson.swift */; };
		BA2E6B522BAF2DBB00D1DC7A /* CreateViewModel.swift in Sources */ = {isa = PBXBuildFile; fileRef = BA2E6B512BAF2DBB00D1DC7A /* CreateViewModel.swift */; };
		BA325D552BAD5481009F82AD /* PersonItemView.swift in Sources */ = {isa = PBXBuildFile; fileRef = BA325D542BAD5481009F82AD /* PersonItemView.swift */; };
		BA325D582BAD559C009F82AD /* PillView.swift in Sources */ = {isa = PBXBuildFile; fileRef = BA325D572BAD559C009F82AD /* PillView.swift */; };
		BA325D5A2BAD6A60009F82AD /* DetailView.swift in Sources */ = {isa = PBXBuildFile; fileRef = BA325D592BAD6A60009F82AD /* DetailView.swift */; };
		BA325D5C2BAD76FB009F82AD /* CreateView.swift in Sources */ = {isa = PBXBuildFile; fileRef = BA325D5B2BAD76FB009F82AD /* CreateView.swift */; };
		BA325D602BAD7AA3009F82AD /* NetworkingManager.swift in Sources */ = {isa = PBXBuildFile; fileRef = BA325D5F2BAD7AA3009F82AD /* NetworkingManager.swift */; };
		BA456FB82BB1313C008E10DC /* CreateValidator.swift in Sources */ = {isa = PBXBuildFile; fileRef = BA456FB72BB1313C008E10DC /* CreateValidator.swift */; };
		BA6CC12E2BAD204C001C7438 /* TakeHomeProjectApp.swift in Sources */ = {isa = PBXBuildFile; fileRef = BA6CC12D2BAD204C001C7438 /* TakeHomeProjectApp.swift */; };
		BA6CC1322BAD204E001C7438 /* Assets.xcassets in Resources */ = {isa = PBXBuildFile; fileRef = BA6CC1312BAD204E001C7438 /* Assets.xcassets */; };
		BA6CC1352BAD204E001C7438 /* Preview Assets.xcassets in Resources */ = {isa = PBXBuildFile; fileRef = BA6CC1342BAD204E001C7438 /* Preview Assets.xcassets */; };
		BA6CC13D2BAD20C3001C7438 /* Symbols.swift in Sources */ = {isa = PBXBuildFile; fileRef = BA6CC13C2BAD20C3001C7438 /* Symbols.swift */; };
		BA6CC13F2BAD232F001C7438 /* Theme.swift in Sources */ = {isa = PBXBuildFile; fileRef = BA6CC13E2BAD232F001C7438 /* Theme.swift */; };
		BA6CC1552BAD2C1E001C7438 /* UsersStaticData.json in Resources */ = {isa = PBXBuildFile; fileRef = BA6CC1542BAD2C1E001C7438 /* UsersStaticData.json */; };
		BA6CC1572BAD2C44001C7438 /* SingleUserData.json in Resources */ = {isa = PBXBuildFile; fileRef = BA6CC1562BAD2C44001C7438 /* SingleUserData.json */; };
		BA6CC1592BAD2CD0001C7438 /* UserDetailResponse.swift in Sources */ = {isa = PBXBuildFile; fileRef = BA6CC1582BAD2CD0001C7438 /* UserDetailResponse.swift */; };
		BA6CC15B2BAD2D09001C7438 /* UsersResponse.swift in Sources */ = {isa = PBXBuildFile; fileRef = BA6CC15A2BAD2D09001C7438 /* UsersResponse.swift */; };
		BA6CC15E2BAD2D6C001C7438 /* Models.swift in Sources */ = {isa = PBXBuildFile; fileRef = BA6CC15D2BAD2D6C001C7438 /* Models.swift */; };
		BA6CC1612BAD2D99001C7438 /* StaticJSONMapper.swift in Sources */ = {isa = PBXBuildFile; fileRef = BA6CC1602BAD2D99001C7438 /* StaticJSONMapper.swift */; };
		BA6CC1632BAD36C7001C7438 /* PeopleView.swift in Sources */ = {isa = PBXBuildFile; fileRef = BA6CC1622BAD36C7001C7438 /* PeopleView.swift */; };
/* End PBXBuildFile section */

/* Begin PBXFileReference section */
		BA217BEA2BAFC06A006550D6 /* CheckmarkPopoverView.swift */ = {isa = PBXFileReference; lastKnownFileType = sourcecode.swift; path = CheckmarkPopoverView.swift; sourceTree = "<group>"; };
		BA2E6B4B2BAF018600D1DC7A /* PeopleViewModel.swift */ = {isa = PBXFileReference; lastKnownFileType = sourcecode.swift; path = PeopleViewModel.swift; sourceTree = "<group>"; };
		BA2E6B4D2BAF056500D1DC7A /* DetailViewModel.swift */ = {isa = PBXFileReference; lastKnownFileType = sourcecode.swift; path = DetailViewModel.swift; sourceTree = "<group>"; };
		BA2E6B4F2BAF2D4800D1DC7A /* NewPerson.swift */ = {isa = PBXFileReference; lastKnownFileType = sourcecode.swift; path = NewPerson.swift; sourceTree = "<group>"; };
		BA2E6B512BAF2DBB00D1DC7A /* CreateViewModel.swift */ = {isa = PBXFileReference; lastKnownFileType = sourcecode.swift; path = CreateViewModel.swift; sourceTree = "<group>"; };
		BA325D542BAD5481009F82AD /* PersonItemView.swift */ = {isa = PBXFileReference; lastKnownFileType = sourcecode.swift; path = PersonItemView.swift; sourceTree = "<group>"; };
		BA325D572BAD559C009F82AD /* PillView.swift */ = {isa = PBXFileReference; lastKnownFileType = sourcecode.swift; path = PillView.swift; sourceTree = "<group>"; };
		BA325D592BAD6A60009F82AD /* DetailView.swift */ = {isa = PBXFileReference; lastKnownFileType = sourcecode.swift; path = DetailView.swift; sourceTree = "<group>"; };
		BA325D5B2BAD76FB009F82AD /* CreateView.swift */ = {isa = PBXFileReference; lastKnownFileType = sourcecode.swift; path = CreateView.swift; sourceTree = "<group>"; };
		BA325D5F2BAD7AA3009F82AD /* NetworkingManager.swift */ = {isa = PBXFileReference; lastKnownFileType = sourcecode.swift; path = NetworkingManager.swift; sourceTree = "<group>"; };
		BA456FB72BB1313C008E10DC /* CreateValidator.swift */ = {isa = PBXFileReference; lastKnownFileType = sourcecode.swift; path = CreateValidator.swift; sourceTree = "<group>"; };
		BA6CC12A2BAD204C001C7438 /* TakeHomeProject.app */ = {isa = PBXFileReference; explicitFileType = wrapper.application; includeInIndex = 0; path = TakeHomeProject.app; sourceTree = BUILT_PRODUCTS_DIR; };
		BA6CC12D2BAD204C001C7438 /* TakeHomeProjectApp.swift */ = {isa = PBXFileReference; lastKnownFileType = sourcecode.swift; path = TakeHomeProjectApp.swift; sourceTree = "<group>"; };
		BA6CC1312BAD204E001C7438 /* Assets.xcassets */ = {isa = PBXFileReference; lastKnownFileType = folder.assetcatalog; path = Assets.xcassets; sourceTree = "<group>"; };
		BA6CC1342BAD204E001C7438 /* Preview Assets.xcassets */ = {isa = PBXFileReference; lastKnownFileType = folder.assetcatalog; path = "Preview Assets.xcassets"; sourceTree = "<group>"; };
		BA6CC13C2BAD20C3001C7438 /* Symbols.swift */ = {isa = PBXFileReference; lastKnownFileType = sourcecode.swift; path = Symbols.swift; sourceTree = "<group>"; };
		BA6CC13E2BAD232F001C7438 /* Theme.swift */ = {isa = PBXFileReference; lastKnownFileType = sourcecode.swift; path = Theme.swift; sourceTree = "<group>"; };
		BA6CC1542BAD2C1E001C7438 /* UsersStaticData.json */ = {isa = PBXFileReference; lastKnownFileType = text.json; path = UsersStaticData.json; sourceTree = "<group>"; };
		BA6CC1562BAD2C44001C7438 /* SingleUserData.json */ = {isa = PBXFileReference; lastKnownFileType = text.json; path = SingleUserData.json; sourceTree = "<group>"; };
		BA6CC1582BAD2CD0001C7438 /* UserDetailResponse.swift */ = {isa = PBXFileReference; lastKnownFileType = sourcecode.swift; path = UserDetailResponse.swift; sourceTree = "<group>"; };
		BA6CC15A2BAD2D09001C7438 /* UsersResponse.swift */ = {isa = PBXFileReference; lastKnownFileType = sourcecode.swift; path = UsersResponse.swift; sourceTree = "<group>"; };
		BA6CC15D2BAD2D6C001C7438 /* Models.swift */ = {isa = PBXFileReference; lastKnownFileType = sourcecode.swift; path = Models.swift; sourceTree = "<group>"; };
		BA6CC1602BAD2D99001C7438 /* StaticJSONMapper.swift */ = {isa = PBXFileReference; lastKnownFileType = sourcecode.swift; path = StaticJSONMapper.swift; sourceTree = "<group>"; };
		BA6CC1622BAD36C7001C7438 /* PeopleView.swift */ = {isa = PBXFileReference; lastKnownFileType = sourcecode.swift; path = PeopleView.swift; sourceTree = "<group>"; };
/* End PBXFileReference section */

/* Begin PBXFrameworksBuildPhase section */
		BA6CC1272BAD204C001C7438 /* Frameworks */ = {
			isa = PBXFrameworksBuildPhase;
			buildActionMask = 2147483647;
			files = (
			);
			runOnlyForDeploymentPostprocessing = 0;
		};
/* End PBXFrameworksBuildPhase section */

/* Begin PBXGroup section */
		BA325D562BAD558F009F82AD /* Views */ = {
			isa = PBXGroup;
			children = (
				BA325D572BAD559C009F82AD /* PillView.swift */,
				BA217BEA2BAFC06A006550D6 /* CheckmarkPopoverView.swift */,
			);
			path = Views;
			sourceTree = "<group>";
		};
		BA325D5D2BAD7A92009F82AD /* API */ = {
			isa = PBXGroup;
			children = (
				BA325D5F2BAD7AA3009F82AD /* NetworkingManager.swift */,
			);
			path = API;
			sourceTree = "<group>";
		};
		BA456FB62BB1312E008E10DC /* Validator */ = {
			isa = PBXGroup;
			children = (
				BA456FB72BB1313C008E10DC /* CreateValidator.swift */,
			);
			path = Validator;
			sourceTree = "<group>";
		};
		BA6CC1212BAD204C001C7438 = {
			isa = PBXGroup;
			children = (
				BA6CC12C2BAD204C001C7438 /* TakeHomeProject */,
				BA6CC12B2BAD204C001C7438 /* Products */,
			);
			sourceTree = "<group>";
		};
		BA6CC12B2BAD204C001C7438 /* Products */ = {
			isa = PBXGroup;
			children = (
				BA6CC12A2BAD204C001C7438 /* TakeHomeProject.app */,
			);
			name = Products;
			sourceTree = "<group>";
		};
		BA6CC12C2BAD204C001C7438 /* TakeHomeProject */ = {
			isa = PBXGroup;
			children = (
				BA6CC1412BAD26EE001C7438 /* Features */,
				BA6CC1402BAD26E7001C7438 /* Base */,
				BA6CC13B2BAD205F001C7438 /* Resources */,
				BA6CC12D2BAD204C001C7438 /* TakeHomeProjectApp.swift */,
				BA6CC1312BAD204E001C7438 /* Assets.xcassets */,
				BA6CC1332BAD204E001C7438 /* Preview Content */,
			);
			path = TakeHomeProject;
			sourceTree = "<group>";
		};
		BA6CC1332BAD204E001C7438 /* Preview Content */ = {
			isa = PBXGroup;
			children = (
				BA6CC1342BAD204E001C7438 /* Preview Assets.xcassets */,
			);
			path = "Preview Content";
			sourceTree = "<group>";
		};
		BA6CC13B2BAD205F001C7438 /* Resources */ = {
			isa = PBXGroup;
			children = (
				BA6CC1532BAD2C09001C7438 /* JSON */,
				BA6CC13C2BAD20C3001C7438 /* Symbols.swift */,
				BA6CC13E2BAD232F001C7438 /* Theme.swift */,
			);
			path = Resources;
			sourceTree = "<group>";
		};
		BA6CC1402BAD26E7001C7438 /* Base */ = {
			isa = PBXGroup;
			children = (
				BA325D5D2BAD7A92009F82AD /* API */,
				BA325D562BAD558F009F82AD /* Views */,
				BA6CC15F2BAD2D8B001C7438 /* Mapper */,
				BA6CC15C2BAD2D65001C7438 /* Model */,
			);
			path = Base;
			sourceTree = "<group>";
		};
		BA6CC1412BAD26EE001C7438 /* Features */ = {
			isa = PBXGroup;
			children = (
				BA6CC1452BAD2701001C7438 /* Setting */,
				BA6CC1442BAD26FD001C7438 /* Detail */,
				BA6CC1432BAD26FA001C7438 /* Create */,
				BA6CC1422BAD26F5001C7438 /* People */,
			);
			path = Features;
			sourceTree = "<group>";
		};
		BA6CC1422BAD26F5001C7438 /* People */ = {
			isa = PBXGroup;
			children = (
				BA6CC1482BAD2716001C7438 /* Model */,
				BA6CC1462BAD270C001C7438 /* Views */,
				BA6CC1472BAD2711001C7438 /* ViewModels */,
			);
			path = People;
			sourceTree = "<group>";
		};
		BA6CC1432BAD26FA001C7438 /* Create */ = {
			isa = PBXGroup;
			children = (
				BA456FB62BB1312E008E10DC /* Validator */,
				BA6CC14B2BAD2757001C7438 /* Model */,
				BA6CC14A2BAD2753001C7438 /* ViewModels */,
				BA6CC1492BAD274E001C7438 /* Views */,
			);
			path = Create;
			sourceTree = "<group>";
		};
		BA6CC1442BAD26FD001C7438 /* Detail */ = {
			isa = PBXGroup;
			children = (
				BA6CC14F2BAD2769001C7438 /* Model */,
				BA6CC14E2BAD2764001C7438 /* ViewModels */,
				BA6CC14C2BAD275A001C7438 /* Views */,
			);
			path = Detail;
			sourceTree = "<group>";
		};
		BA6CC1452BAD2701001C7438 /* Setting */ = {
			isa = PBXGroup;
			children = (
				BA6CC1522BAD2776001C7438 /* Model */,
				BA6CC1512BAD2771001C7438 /* ViewModels */,
				BA6CC1502BAD276D001C7438 /* Views */,
			);
			path = Setting;
			sourceTree = "<group>";
		};
		BA6CC1462BAD270C001C7438 /* Views */ = {
			isa = PBXGroup;
			children = (
				BA6CC1622BAD36C7001C7438 /* PeopleView.swift */,
				BA325D542BAD5481009F82AD /* PersonItemView.swift */,
			);
			path = Views;
			sourceTree = "<group>";
		};
		BA6CC1472BAD2711001C7438 /* ViewModels */ = {
			isa = PBXGroup;
			children = (
				BA2E6B4B2BAF018600D1DC7A /* PeopleViewModel.swift */,
			);
			path = ViewModels;
			sourceTree = "<group>";
		};
		BA6CC1482BAD2716001C7438 /* Model */ = {
			isa = PBXGroup;
			children = (
				BA6CC15A2BAD2D09001C7438 /* UsersResponse.swift */,
			);
			path = Model;
			sourceTree = "<group>";
		};
		BA6CC1492BAD274E001C7438 /* Views */ = {
			isa = PBXGroup;
			children = (
				BA325D5B2BAD76FB009F82AD /* CreateView.swift */,
			);
			path = Views;
			sourceTree = "<group>";
		};
		BA6CC14A2BAD2753001C7438 /* ViewModels */ = {
			isa = PBXGroup;
			children = (
				BA2E6B512BAF2DBB00D1DC7A /* CreateViewModel.swift */,
			);
			path = ViewModels;
			sourceTree = "<group>";
		};
		BA6CC14B2BAD2757001C7438 /* Model */ = {
			isa = PBXGroup;
			children = (
				BA2E6B4F2BAF2D4800D1DC7A /* NewPerson.swift */,
			);
			path = Model;
			sourceTree = "<group>";
		};
		BA6CC14C2BAD275A001C7438 /* Views */ = {
			isa = PBXGroup;
			children = (
				BA325D592BAD6A60009F82AD /* DetailView.swift */,
			);
			path = Views;
			sourceTree = "<group>";
		};
		BA6CC14E2BAD2764001C7438 /* ViewModels */ = {
			isa = PBXGroup;
			children = (
				BA2E6B4D2BAF056500D1DC7A /* DetailViewModel.swift */,
			);
			path = ViewModels;
			sourceTree = "<group>";
		};
		BA6CC14F2BAD2769001C7438 /* Model */ = {
			isa = PBXGroup;
			children = (
				BA6CC1582BAD2CD0001C7438 /* UserDetailResponse.swift */,
			);
			path = Model;
			sourceTree = "<group>";
		};
		BA6CC1502BAD276D001C7438 /* Views */ = {
			isa = PBXGroup;
			children = (
			);
			path = Views;
			sourceTree = "<group>";
		};
		BA6CC1512BAD2771001C7438 /* ViewModels */ = {
			isa = PBXGroup;
			children = (
			);
			path = ViewModels;
			sourceTree = "<group>";
		};
		BA6CC1522BAD2776001C7438 /* Model */ = {
			isa = PBXGroup;
			children = (
			);
			path = Model;
			sourceTree = "<group>";
		};
		BA6CC1532BAD2C09001C7438 /* JSON */ = {
			isa = PBXGroup;
			children = (
				BA6CC1542BAD2C1E001C7438 /* UsersStaticData.json */,
				BA6CC1562BAD2C44001C7438 /* SingleUserData.json */,
			);
			path = JSON;
			sourceTree = "<group>";
		};
		BA6CC15C2BAD2D65001C7438 /* Model */ = {
			isa = PBXGroup;
			children = (
				BA6CC15D2BAD2D6C001C7438 /* Models.swift */,
			);
			path = Model;
			sourceTree = "<group>";
		};
		BA6CC15F2BAD2D8B001C7438 /* Mapper */ = {
			isa = PBXGroup;
			children = (
				BA6CC1602BAD2D99001C7438 /* StaticJSONMapper.swift */,
			);
			path = Mapper;
			sourceTree = "<group>";
		};
/* End PBXGroup section */

/* Begin PBXNativeTarget section */
		BA6CC1292BAD204C001C7438 /* TakeHomeProject */ = {
			isa = PBXNativeTarget;
			buildConfigurationList = BA6CC1382BAD204E001C7438 /* Build configuration list for PBXNativeTarget "TakeHomeProject" */;
			buildPhases = (
				BA6CC1262BAD204C001C7438 /* Sources */,
				BA6CC1272BAD204C001C7438 /* Frameworks */,
				BA6CC1282BAD204C001C7438 /* Resources */,
			);
			buildRules = (
			);
			dependencies = (
			);
			name = TakeHomeProject;
			productName = TakeHomeProject;
			productReference = BA6CC12A2BAD204C001C7438 /* TakeHomeProject.app */;
			productType = "com.apple.product-type.application";
		};
/* End PBXNativeTarget section */

/* Begin PBXProject section */
		BA6CC1222BAD204C001C7438 /* Project object */ = {
			isa = PBXProject;
			attributes = {
				BuildIndependentTargetsInParallel = 1;
				LastSwiftUpdateCheck = 1520;
				LastUpgradeCheck = 1520;
				TargetAttributes = {
					BA6CC1292BAD204C001C7438 = {
						CreatedOnToolsVersion = 15.2;
					};
				};
			};
			buildConfigurationList = BA6CC1252BAD204C001C7438 /* Build configuration list for PBXProject "TakeHomeProject" */;
			compatibilityVersion = "Xcode 14.0";
			developmentRegion = en;
			hasScannedForEncodings = 0;
			knownRegions = (
				en,
				Base,
			);
			mainGroup = BA6CC1212BAD204C001C7438;
			productRefGroup = BA6CC12B2BAD204C001C7438 /* Products */;
			projectDirPath = "";
			projectRoot = "";
			targets = (
				BA6CC1292BAD204C001C7438 /* TakeHomeProject */,
			);
		};
/* End PBXProject section */

/* Begin PBXResourcesBuildPhase section */
		BA6CC1282BAD204C001C7438 /* Resources */ = {
			isa = PBXResourcesBuildPhase;
			buildActionMask = 2147483647;
			files = (
				BA6CC1352BAD204E001C7438 /* Preview Assets.xcassets in Resources */,
				BA6CC1322BAD204E001C7438 /* Assets.xcassets in Resources */,
				BA6CC1572BAD2C44001C7438 /* SingleUserData.json in Resources */,
				BA6CC1552BAD2C1E001C7438 /* UsersStaticData.json in Resources */,
			);
			runOnlyForDeploymentPostprocessing = 0;
		};
/* End PBXResourcesBuildPhase section */

/* Begin PBXSourcesBuildPhase section */
		BA6CC1262BAD204C001C7438 /* Sources */ = {
			isa = PBXSourcesBuildPhase;
			buildActionMask = 2147483647;
			files = (
				BA217BEB2BAFC06A006550D6 /* CheckmarkPopoverView.swift in Sources */,
				BA6CC1612BAD2D99001C7438 /* StaticJSONMapper.swift in Sources */,
				BA325D582BAD559C009F82AD /* PillView.swift in Sources */,
				BA6CC13D2BAD20C3001C7438 /* Symbols.swift in Sources */,
				BA2E6B522BAF2DBB00D1DC7A /* CreateViewModel.swift in Sources */,
				BA6CC1632BAD36C7001C7438 /* PeopleView.swift in Sources */,
				BA6CC13F2BAD232F001C7438 /* Theme.swift in Sources */,
				BA325D5A2BAD6A60009F82AD /* DetailView.swift in Sources */,
				BA6CC1592BAD2CD0001C7438 /* UserDetailResponse.swift in Sources */,
				BA6CC12E2BAD204C001C7438 /* TakeHomeProjectApp.swift in Sources */,
				BA325D602BAD7AA3009F82AD /* NetworkingManager.swift in Sources */,
				BA6CC15B2BAD2D09001C7438 /* UsersResponse.swift in Sources */,
				BA325D552BAD5481009F82AD /* PersonItemView.swift in Sources */,
				BA2E6B502BAF2D4800D1DC7A /* NewPerson.swift in Sources */,
				BA2E6B4C2BAF018600D1DC7A /* PeopleViewModel.swift in Sources */,
				BA325D5C2BAD76FB009F82AD /* CreateView.swift in Sources */,
				BA456FB82BB1313C008E10DC /* CreateValidator.swift in Sources */,
				BA2E6B4E2BAF056500D1DC7A /* DetailViewModel.swift in Sources */,
				BA6CC15E2BAD2D6C001C7438 /* Models.swift in Sources */,
			);
			runOnlyForDeploymentPostprocessing = 0;
		};
/* End PBXSourcesBuildPhase section */

/* Begin XCBuildConfiguration section */
		BA6CC1362BAD204E001C7438 /* Debug */ = {
			isa = XCBuildConfiguration;
			buildSettings = {
				ALWAYS_SEARCH_USER_PATHS = NO;
				ASSETCATALOG_COMPILER_GENERATE_SWIFT_ASSET_SYMBOL_EXTENSIONS = YES;
				CLANG_ANALYZER_NONNULL = YES;
				CLANG_ANALYZER_NUMBER_OBJECT_CONVERSION = YES_AGGRESSIVE;
				CLANG_CXX_LANGUAGE_STANDARD = "gnu++20";
				CLANG_ENABLE_MODULES = YES;
				CLANG_ENABLE_OBJC_ARC = YES;
				CLANG_ENABLE_OBJC_WEAK = YES;
				CLANG_WARN_BLOCK_CAPTURE_AUTORELEASING = YES;
				CLANG_WARN_BOOL_CONVERSION = YES;
				CLANG_WARN_COMMA = YES;
				CLANG_WARN_CONSTANT_CONVERSION = YES;
				CLANG_WARN_DEPRECATED_OBJC_IMPLEMENTATIONS = YES;
				CLANG_WARN_DIRECT_OBJC_ISA_USAGE = YES_ERROR;
				CLANG_WARN_DOCUMENTATION_COMMENTS = YES;
				CLANG_WARN_EMPTY_BODY = YES;
				CLANG_WARN_ENUM_CONVERSION = YES;
				CLANG_WARN_INFINITE_RECURSION = YES;
				CLANG_WARN_INT_CONVERSION = YES;
				CLANG_WARN_NON_LITERAL_NULL_CONVERSION = YES;
				CLANG_WARN_OBJC_IMPLICIT_RETAIN_SELF = YES;
				CLANG_WARN_OBJC_LITERAL_CONVERSION = YES;
				CLANG_WARN_OBJC_ROOT_CLASS = YES_ERROR;
				CLANG_WARN_QUOTED_INCLUDE_IN_FRAMEWORK_HEADER = YES;
				CLANG_WARN_RANGE_LOOP_ANALYSIS = YES;
				CLANG_WARN_STRICT_PROTOTYPES = YES;
				CLANG_WARN_SUSPICIOUS_MOVE = YES;
				CLANG_WARN_UNGUARDED_AVAILABILITY = YES_AGGRESSIVE;
				CLANG_WARN_UNREACHABLE_CODE = YES;
				CLANG_WARN__DUPLICATE_METHOD_MATCH = YES;
				COPY_PHASE_STRIP = NO;
				DEBUG_INFORMATION_FORMAT = dwarf;
				ENABLE_STRICT_OBJC_MSGSEND = YES;
				ENABLE_TESTABILITY = YES;
				ENABLE_USER_SCRIPT_SANDBOXING = YES;
				GCC_C_LANGUAGE_STANDARD = gnu17;
				GCC_DYNAMIC_NO_PIC = NO;
				GCC_NO_COMMON_BLOCKS = YES;
				GCC_OPTIMIZATION_LEVEL = 0;
				GCC_PREPROCESSOR_DEFINITIONS = (
					"DEBUG=1",
					"$(inherited)",
				);
				GCC_WARN_64_TO_32_BIT_CONVERSION = YES;
				GCC_WARN_ABOUT_RETURN_TYPE = YES_ERROR;
				GCC_WARN_UNDECLARED_SELECTOR = YES;
				GCC_WARN_UNINITIALIZED_AUTOS = YES_AGGRESSIVE;
				GCC_WARN_UNUSED_FUNCTION = YES;
				GCC_WARN_UNUSED_VARIABLE = YES;
				IPHONEOS_DEPLOYMENT_TARGET = 17.2;
				LOCALIZATION_PREFERS_STRING_CATALOGS = YES;
				MTL_ENABLE_DEBUG_INFO = INCLUDE_SOURCE;
				MTL_FAST_MATH = YES;
				ONLY_ACTIVE_ARCH = YES;
				SDKROOT = iphoneos;
				SWIFT_ACTIVE_COMPILATION_CONDITIONS = "DEBUG $(inherited)";
				SWIFT_OPTIMIZATION_LEVEL = "-Onone";
			};
			name = Debug;
		};
		BA6CC1372BAD204E001C7438 /* Release */ = {
			isa = XCBuildConfiguration;
			buildSettings = {
				ALWAYS_SEARCH_USER_PATHS = NO;
				ASSETCATALOG_COMPILER_GENERATE_SWIFT_ASSET_SYMBOL_EXTENSIONS = YES;
				CLANG_ANALYZER_NONNULL = YES;
				CLANG_ANALYZER_NUMBER_OBJECT_CONVERSION = YES_AGGRESSIVE;
				CLANG_CXX_LANGUAGE_STANDARD = "gnu++20";
				CLANG_ENABLE_MODULES = YES;
				CLANG_ENABLE_OBJC_ARC = YES;
				CLANG_ENABLE_OBJC_WEAK = YES;
				CLANG_WARN_BLOCK_CAPTURE_AUTORELEASING = YES;
				CLANG_WARN_BOOL_CONVERSION = YES;
				CLANG_WARN_COMMA = YES;
				CLANG_WARN_CONSTANT_CONVERSION = YES;
				CLANG_WARN_DEPRECATED_OBJC_IMPLEMENTATIONS = YES;
				CLANG_WARN_DIRECT_OBJC_ISA_USAGE = YES_ERROR;
				CLANG_WARN_DOCUMENTATION_COMMENTS = YES;
				CLANG_WARN_EMPTY_BODY = YES;
				CLANG_WARN_ENUM_CONVERSION = YES;
				CLANG_WARN_INFINITE_RECURSION = YES;
				CLANG_WARN_INT_CONVERSION = YES;
				CLANG_WARN_NON_LITERAL_NULL_CONVERSION = YES;
				CLANG_WARN_OBJC_IMPLICIT_RETAIN_SELF = YES;
				CLANG_WARN_OBJC_LITERAL_CONVERSION = YES;
				CLANG_WARN_OBJC_ROOT_CLASS = YES_ERROR;
				CLANG_WARN_QUOTED_INCLUDE_IN_FRAMEWORK_HEADER = YES;
				CLANG_WARN_RANGE_LOOP_ANALYSIS = YES;
				CLANG_WARN_STRICT_PROTOTYPES = YES;
				CLANG_WARN_SUSPICIOUS_MOVE = YES;
				CLANG_WARN_UNGUARDED_AVAILABILITY = YES_AGGRESSIVE;
				CLANG_WARN_UNREACHABLE_CODE = YES;
				CLANG_WARN__DUPLICATE_METHOD_MATCH = YES;
				COPY_PHASE_STRIP = NO;
				DEBUG_INFORMATION_FORMAT = "dwarf-with-dsym";
				ENABLE_NS_ASSERTIONS = NO;
				ENABLE_STRICT_OBJC_MSGSEND = YES;
				ENABLE_USER_SCRIPT_SANDBOXING = YES;
				GCC_C_LANGUAGE_STANDARD = gnu17;
				GCC_NO_COMMON_BLOCKS = YES;
				GCC_WARN_64_TO_32_BIT_CONVERSION = YES;
				GCC_WARN_ABOUT_RETURN_TYPE = YES_ERROR;
				GCC_WARN_UNDECLARED_SELECTOR = YES;
				GCC_WARN_UNINITIALIZED_AUTOS = YES_AGGRESSIVE;
				GCC_WARN_UNUSED_FUNCTION = YES;
				GCC_WARN_UNUSED_VARIABLE = YES;
				IPHONEOS_DEPLOYMENT_TARGET = 17.2;
				LOCALIZATION_PREFERS_STRING_CATALOGS = YES;
				MTL_ENABLE_DEBUG_INFO = NO;
				MTL_FAST_MATH = YES;
				SDKROOT = iphoneos;
				SWIFT_COMPILATION_MODE = wholemodule;
				VALIDATE_PRODUCT = YES;
			};
			name = Release;
		};
		BA6CC1392BAD204E001C7438 /* Debug */ = {
			isa = XCBuildConfiguration;
			buildSettings = {
				ASSETCATALOG_COMPILER_APPICON_NAME = AppIcon;
				ASSETCATALOG_COMPILER_GLOBAL_ACCENT_COLOR_NAME = AccentColor;
				CODE_SIGN_STYLE = Automatic;
				CURRENT_PROJECT_VERSION = 1;
				DEVELOPMENT_ASSET_PATHS = "\"TakeHomeProject/Preview Content\"";
				DEVELOPMENT_TEAM = ARSZYU7AJ8;
				ENABLE_PREVIEWS = YES;
				GENERATE_INFOPLIST_FILE = YES;
				INFOPLIST_KEY_UIApplicationSceneManifest_Generation = YES;
				INFOPLIST_KEY_UIApplicationSupportsIndirectInputEvents = YES;
				INFOPLIST_KEY_UILaunchScreen_Generation = YES;
				INFOPLIST_KEY_UISupportedInterfaceOrientations_iPad = "UIInterfaceOrientationPortrait UIInterfaceOrientationPortraitUpsideDown UIInterfaceOrientationLandscapeLeft UIInterfaceOrientationLandscapeRight";
				INFOPLIST_KEY_UISupportedInterfaceOrientations_iPhone = "UIInterfaceOrientationPortrait UIInterfaceOrientationLandscapeLeft UIInterfaceOrientationLandscapeRight";
				LD_RUNPATH_SEARCH_PATHS = (
					"$(inherited)",
					"@executable_path/Frameworks",
				);
				MARKETING_VERSION = 1.0;
				PRODUCT_BUNDLE_IDENTIFIER = com.peppermint100.TakeHomeProject;
				PRODUCT_NAME = "$(TARGET_NAME)";
				SWIFT_EMIT_LOC_STRINGS = YES;
				SWIFT_VERSION = 5.0;
				TARGETED_DEVICE_FAMILY = "1,2";
			};
			name = Debug;
		};
		BA6CC13A2BAD204E001C7438 /* Release */ = {
			isa = XCBuildConfiguration;
			buildSettings = {
				ASSETCATALOG_COMPILER_APPICON_NAME = AppIcon;
				ASSETCATALOG_COMPILER_GLOBAL_ACCENT_COLOR_NAME = AccentColor;
				CODE_SIGN_STYLE = Automatic;
				CURRENT_PROJECT_VERSION = 1;
				DEVELOPMENT_ASSET_PATHS = "\"TakeHomeProject/Preview Content\"";
				DEVELOPMENT_TEAM = ARSZYU7AJ8;
				ENABLE_PREVIEWS = YES;
				GENERATE_INFOPLIST_FILE = YES;
				INFOPLIST_KEY_UIApplicationSceneManifest_Generation = YES;
				INFOPLIST_KEY_UIApplicationSupportsIndirectInputEvents = YES;
				INFOPLIST_KEY_UILaunchScreen_Generation = YES;
				INFOPLIST_KEY_UISupportedInterfaceOrientations_iPad = "UIInterfaceOrientationPortrait UIInterfaceOrientationPortraitUpsideDown UIInterfaceOrientationLandscapeLeft UIInterfaceOrientationLandscapeRight";
				INFOPLIST_KEY_UISupportedInterfaceOrientations_iPhone = "UIInterfaceOrientationPortrait UIInterfaceOrientationLandscapeLeft UIInterfaceOrientationLandscapeRight";
				LD_RUNPATH_SEARCH_PATHS = (
					"$(inherited)",
					"@executable_path/Frameworks",
				);
				MARKETING_VERSION = 1.0;
				PRODUCT_BUNDLE_IDENTIFIER = com.peppermint100.TakeHomeProject;
				PRODUCT_NAME = "$(TARGET_NAME)";
				SWIFT_EMIT_LOC_STRINGS = YES;
				SWIFT_VERSION = 5.0;
				TARGETED_DEVICE_FAMILY = "1,2";
			};
			name = Release;
		};
/* End XCBuildConfiguration section */

/* Begin XCConfigurationList section */
		BA6CC1252BAD204C001C7438 /* Build configuration list for PBXProject "TakeHomeProject" */ = {
			isa = XCConfigurationList;
			buildConfigurations = (
				BA6CC1362BAD204E001C7438 /* Debug */,
				BA6CC1372BAD204E001C7438 /* Release */,
			);
			defaultConfigurationIsVisible = 0;
			defaultConfigurationName = Release;
		};
		BA6CC1382BAD204E001C7438 /* Build configuration list for PBXNativeTarget "TakeHomeProject" */ = {
			isa = XCConfigurationList;
			buildConfigurations = (
				BA6CC1392BAD204E001C7438 /* Debug */,
				BA6CC13A2BAD204E001C7438 /* Release */,
			);
			defaultConfigurationIsVisible = 0;
			defaultConfigurationName = Release;
		};
/* End XCConfigurationList section */
	};
	rootObject = BA6CC1222BAD204C001C7438 /* Project object */;
}
