// !$*UTF8*$!
{
	archiveVersion = 1;
	classes = {
	};
	objectVersion = 56;
	objects = {

/* Begin PBXBuildFile section */
		BA2E5A752BF0DEF9005AA15F /* CoinDataService.swift in Sources */ = {isa = PBXBuildFile; fileRef = BA2E5A742BF0DEF9005AA15F /* CoinDataService.swift */; };
		BA2E5A782BF0E392005AA15F /* NetworkingManager.swift in Sources */ = {isa = PBXBuildFile; fileRef = BA2E5A772BF0E392005AA15F /* NetworkingManager.swift */; };
		BA685F572BF0971200469661 /* SwiftfulCryptoApp.swift in Sources */ = {isa = PBXBuildFile; fileRef = BA685F562BF0971200469661 /* SwiftfulCryptoApp.swift */; };
		BA685F592BF0971200469661 /* ContentView.swift in Sources */ = {isa = PBXBuildFile; fileRef = BA685F582BF0971200469661 /* ContentView.swift */; };
		BA685F5E2BF0971300469661 /* Preview Assets.xcassets in Resources */ = {isa = PBXBuildFile; fileRef = BA685F5D2BF0971300469661 /* Preview Assets.xcassets */; };
		BA685F652BF097D300469661 /* Assets.xcassets in Resources */ = {isa = PBXBuildFile; fileRef = BA685F642BF097D300469661 /* Assets.xcassets */; };
		BA685F682BF098B500469661 /* Color.swift in Sources */ = {isa = PBXBuildFile; fileRef = BA685F672BF098B500469661 /* Color.swift */; };
		BA685F6E2BF09A6100469661 /* HomeView.swift in Sources */ = {isa = PBXBuildFile; fileRef = BA685F6D2BF09A6100469661 /* HomeView.swift */; };
		BA685F722BF09B0900469661 /* CircleButtonView.swift in Sources */ = {isa = PBXBuildFile; fileRef = BA685F712BF09B0900469661 /* CircleButtonView.swift */; };
		BA685F742BF09D6300469661 /* CircleButtonAnimationView.swift in Sources */ = {isa = PBXBuildFile; fileRef = BA685F732BF09D6300469661 /* CircleButtonAnimationView.swift */; };
		BA685F772BF0A9B600469661 /* CoinModel.swift in Sources */ = {isa = PBXBuildFile; fileRef = BA685F762BF0A9B600469661 /* CoinModel.swift */; };
		BA685F792BF0C14000469661 /* CoinRowView.swift in Sources */ = {isa = PBXBuildFile; fileRef = BA685F782BF0C14000469661 /* CoinRowView.swift */; };
		BA685F7D2BF0C4A800469661 /* DeveloperPreview.swift in Sources */ = {isa = PBXBuildFile; fileRef = BA685F7C2BF0C4A800469661 /* DeveloperPreview.swift */; };
		BA685F7F2BF0C64600469661 /* Double.swift in Sources */ = {isa = PBXBuildFile; fileRef = BA685F7E2BF0C64600469661 /* Double.swift */; };
		BA685F812BF0CB6900469661 /* HomeViewModel.swift in Sources */ = {isa = PBXBuildFile; fileRef = BA685F802BF0CB6900469661 /* HomeViewModel.swift */; };
/* End PBXBuildFile section */

/* Begin PBXFileReference section */
		BA2E5A742BF0DEF9005AA15F /* CoinDataService.swift */ = {isa = PBXFileReference; lastKnownFileType = sourcecode.swift; path = CoinDataService.swift; sourceTree = "<group>"; };
		BA2E5A772BF0E392005AA15F /* NetworkingManager.swift */ = {isa = PBXFileReference; lastKnownFileType = sourcecode.swift; path = NetworkingManager.swift; sourceTree = "<group>"; };
		BA685F532BF0971200469661 /* SwiftfulCrypto.app */ = {isa = PBXFileReference; explicitFileType = wrapper.application; includeInIndex = 0; path = SwiftfulCrypto.app; sourceTree = BUILT_PRODUCTS_DIR; };
		BA685F562BF0971200469661 /* SwiftfulCryptoApp.swift */ = {isa = PBXFileReference; lastKnownFileType = sourcecode.swift; path = SwiftfulCryptoApp.swift; sourceTree = "<group>"; };
		BA685F582BF0971200469661 /* ContentView.swift */ = {isa = PBXFileReference; lastKnownFileType = sourcecode.swift; path = ContentView.swift; sourceTree = "<group>"; };
		BA685F5D2BF0971300469661 /* Preview Assets.xcassets */ = {isa = PBXFileReference; lastKnownFileType = folder.assetcatalog; path = "Preview Assets.xcassets"; sourceTree = "<group>"; };
		BA685F642BF097D300469661 /* Assets.xcassets */ = {isa = PBXFileReference; lastKnownFileType = folder.assetcatalog; name = Assets.xcassets; path = ../../../../Downloads/Resources/Assets.xcassets; sourceTree = "<group>"; };
		BA685F672BF098B500469661 /* Color.swift */ = {isa = PBXFileReference; lastKnownFileType = sourcecode.swift; path = Color.swift; sourceTree = "<group>"; };
		BA685F6D2BF09A6100469661 /* HomeView.swift */ = {isa = PBXFileReference; lastKnownFileType = sourcecode.swift; path = HomeView.swift; sourceTree = "<group>"; };
		BA685F712BF09B0900469661 /* CircleButtonView.swift */ = {isa = PBXFileReference; lastKnownFileType = sourcecode.swift; path = CircleButtonView.swift; sourceTree = "<group>"; };
		BA685F732BF09D6300469661 /* CircleButtonAnimationView.swift */ = {isa = PBXFileReference; lastKnownFileType = sourcecode.swift; path = CircleButtonAnimationView.swift; sourceTree = "<group>"; };
		BA685F762BF0A9B600469661 /* CoinModel.swift */ = {isa = PBXFileReference; lastKnownFileType = sourcecode.swift; path = CoinModel.swift; sourceTree = "<group>"; };
		BA685F782BF0C14000469661 /* CoinRowView.swift */ = {isa = PBXFileReference; lastKnownFileType = sourcecode.swift; path = CoinRowView.swift; sourceTree = "<group>"; };
		BA685F7C2BF0C4A800469661 /* DeveloperPreview.swift */ = {isa = PBXFileReference; lastKnownFileType = sourcecode.swift; path = DeveloperPreview.swift; sourceTree = "<group>"; };
		BA685F7E2BF0C64600469661 /* Double.swift */ = {isa = PBXFileReference; lastKnownFileType = sourcecode.swift; path = Double.swift; sourceTree = "<group>"; };
		BA685F802BF0CB6900469661 /* HomeViewModel.swift */ = {isa = PBXFileReference; lastKnownFileType = sourcecode.swift; path = HomeViewModel.swift; sourceTree = "<group>"; };
/* End PBXFileReference section */

/* Begin PBXFrameworksBuildPhase section */
		BA685F502BF0971200469661 /* Frameworks */ = {
			isa = PBXFrameworksBuildPhase;
			buildActionMask = 2147483647;
			files = (
			);
			runOnlyForDeploymentPostprocessing = 0;
		};
/* End PBXFrameworksBuildPhase section */

/* Begin PBXGroup section */
		BA2E5A732BF0DEDA005AA15F /* Services */ = {
			isa = PBXGroup;
			children = (
				BA2E5A742BF0DEF9005AA15F /* CoinDataService.swift */,
			);
			path = Services;
			sourceTree = "<group>";
		};
		BA2E5A762BF0E36F005AA15F /* Utilities */ = {
			isa = PBXGroup;
			children = (
				BA2E5A772BF0E392005AA15F /* NetworkingManager.swift */,
			);
			path = Utilities;
			sourceTree = "<group>";
		};
		BA685F4A2BF0971200469661 = {
			isa = PBXGroup;
			children = (
				BA685F552BF0971200469661 /* SwiftfulCrypto */,
				BA685F542BF0971200469661 /* Products */,
			);
			sourceTree = "<group>";
		};
		BA685F542BF0971200469661 /* Products */ = {
			isa = PBXGroup;
			children = (
				BA685F532BF0971200469661 /* SwiftfulCrypto.app */,
			);
			name = Products;
			sourceTree = "<group>";
		};
		BA685F552BF0971200469661 /* SwiftfulCrypto */ = {
			isa = PBXGroup;
			children = (
				BA2E5A762BF0E36F005AA15F /* Utilities */,
				BA2E5A732BF0DEDA005AA15F /* Services */,
				BA685F752BF0A9A000469661 /* Models */,
				BA685F692BF09A3C00469661 /* Core */,
				BA685F662BF098AB00469661 /* Extensions */,
				BA685F562BF0971200469661 /* SwiftfulCryptoApp.swift */,
				BA685F582BF0971200469661 /* ContentView.swift */,
				BA685F642BF097D300469661 /* Assets.xcassets */,
				BA685F5C2BF0971300469661 /* Preview Content */,
			);
			path = SwiftfulCrypto;
			sourceTree = "<group>";
		};
		BA685F5C2BF0971300469661 /* Preview Content */ = {
			isa = PBXGroup;
			children = (
				BA685F5D2BF0971300469661 /* Preview Assets.xcassets */,
				BA685F7C2BF0C4A800469661 /* DeveloperPreview.swift */,
			);
			path = "Preview Content";
			sourceTree = "<group>";
		};
		BA685F662BF098AB00469661 /* Extensions */ = {
			isa = PBXGroup;
			children = (
				BA685F672BF098B500469661 /* Color.swift */,
				BA685F7E2BF0C64600469661 /* Double.swift */,
			);
			path = Extensions;
			sourceTree = "<group>";
		};
		BA685F692BF09A3C00469661 /* Core */ = {
			isa = PBXGroup;
			children = (
				BA685F6F2BF09AEE00469661 /* Components */,
				BA685F6A2BF09A4700469661 /* Home */,
			);
			path = Core;
			sourceTree = "<group>";
		};
		BA685F6A2BF09A4700469661 /* Home */ = {
			isa = PBXGroup;
			children = (
				BA685F6C2BF09A5500469661 /* ViewModels */,
				BA685F6B2BF09A5100469661 /* Views */,
			);
			path = Home;
			sourceTree = "<group>";
		};
		BA685F6B2BF09A5100469661 /* Views */ = {
			isa = PBXGroup;
			children = (
				BA685F6D2BF09A6100469661 /* HomeView.swift */,
				BA685F782BF0C14000469661 /* CoinRowView.swift */,
			);
			path = Views;
			sourceTree = "<group>";
		};
		BA685F6C2BF09A5500469661 /* ViewModels */ = {
			isa = PBXGroup;
			children = (
				BA685F802BF0CB6900469661 /* HomeViewModel.swift */,
			);
			path = ViewModels;
			sourceTree = "<group>";
		};
		BA685F6F2BF09AEE00469661 /* Components */ = {
			isa = PBXGroup;
			children = (
				BA685F702BF09AFF00469661 /* CircleButton */,
			);
			path = Components;
			sourceTree = "<group>";
		};
		BA685F702BF09AFF00469661 /* CircleButton */ = {
			isa = PBXGroup;
			children = (
				BA685F712BF09B0900469661 /* CircleButtonView.swift */,
				BA685F732BF09D6300469661 /* CircleButtonAnimationView.swift */,
			);
			path = CircleButton;
			sourceTree = "<group>";
		};
		BA685F752BF0A9A000469661 /* Models */ = {
			isa = PBXGroup;
			children = (
				BA685F762BF0A9B600469661 /* CoinModel.swift */,
			);
			path = Models;
			sourceTree = "<group>";
		};
/* End PBXGroup section */

/* Begin PBXNativeTarget section */
		BA685F522BF0971200469661 /* SwiftfulCrypto */ = {
			isa = PBXNativeTarget;
			buildConfigurationList = BA685F612BF0971300469661 /* Build configuration list for PBXNativeTarget "SwiftfulCrypto" */;
			buildPhases = (
				BA685F4F2BF0971200469661 /* Sources */,
				BA685F502BF0971200469661 /* Frameworks */,
				BA685F512BF0971200469661 /* Resources */,
			);
			buildRules = (
			);
			dependencies = (
			);
			name = SwiftfulCrypto;
			productName = SwiftfulCrypto;
			productReference = BA685F532BF0971200469661 /* SwiftfulCrypto.app */;
			productType = "com.apple.product-type.application";
		};
/* End PBXNativeTarget section */

/* Begin PBXProject section */
		BA685F4B2BF0971200469661 /* Project object */ = {
			isa = PBXProject;
			attributes = {
				BuildIndependentTargetsInParallel = 1;
				LastSwiftUpdateCheck = 1520;
				LastUpgradeCheck = 1520;
				TargetAttributes = {
					BA685F522BF0971200469661 = {
						CreatedOnToolsVersion = 15.2;
					};
				};
			};
			buildConfigurationList = BA685F4E2BF0971200469661 /* Build configuration list for PBXProject "SwiftfulCrypto" */;
			compatibilityVersion = "Xcode 14.0";
			developmentRegion = en;
			hasScannedForEncodings = 0;
			knownRegions = (
				en,
				Base,
			);
			mainGroup = BA685F4A2BF0971200469661;
			productRefGroup = BA685F542BF0971200469661 /* Products */;
			projectDirPath = "";
			projectRoot = "";
			targets = (
				BA685F522BF0971200469661 /* SwiftfulCrypto */,
			);
		};
/* End PBXProject section */

/* Begin PBXResourcesBuildPhase section */
		BA685F512BF0971200469661 /* Resources */ = {
			isa = PBXResourcesBuildPhase;
			buildActionMask = 2147483647;
			files = (
				BA685F5E2BF0971300469661 /* Preview Assets.xcassets in Resources */,
				BA685F652BF097D300469661 /* Assets.xcassets in Resources */,
			);
			runOnlyForDeploymentPostprocessing = 0;
		};
/* End PBXResourcesBuildPhase section */

/* Begin PBXSourcesBuildPhase section */
		BA685F4F2BF0971200469661 /* Sources */ = {
			isa = PBXSourcesBuildPhase;
			buildActionMask = 2147483647;
			files = (
				BA2E5A752BF0DEF9005AA15F /* CoinDataService.swift in Sources */,
				BA685F792BF0C14000469661 /* CoinRowView.swift in Sources */,
				BA685F812BF0CB6900469661 /* HomeViewModel.swift in Sources */,
				BA685F592BF0971200469661 /* ContentView.swift in Sources */,
				BA685F6E2BF09A6100469661 /* HomeView.swift in Sources */,
				BA685F572BF0971200469661 /* SwiftfulCryptoApp.swift in Sources */,
				BA685F722BF09B0900469661 /* CircleButtonView.swift in Sources */,
				BA685F682BF098B500469661 /* Color.swift in Sources */,
				BA2E5A782BF0E392005AA15F /* NetworkingManager.swift in Sources */,
				BA685F742BF09D6300469661 /* CircleButtonAnimationView.swift in Sources */,
				BA685F7D2BF0C4A800469661 /* DeveloperPreview.swift in Sources */,
				BA685F7F2BF0C64600469661 /* Double.swift in Sources */,
				BA685F772BF0A9B600469661 /* CoinModel.swift in Sources */,
			);
			runOnlyForDeploymentPostprocessing = 0;
		};
/* End PBXSourcesBuildPhase section */

/* Begin XCBuildConfiguration section */
		BA685F5F2BF0971300469661 /* Debug */ = {
			isa = XCBuildConfiguration;
			buildSettings = {
				ALWAYS_SEARCH_USER_PATHS = NO;
				ASSETCATALOG_COMPILER_GENERATE_SWIFT_ASSET_SYMBOL_EXTENSIONS = YES;
				CLANG_ANALYZER_NONNULL = YES;
				CLANG_ANALYZER_NUMBER_OBJECT_CONVERSION = YES_AGGRESSIVE;
				CLANG_CXX_LANGUAGE_STANDARD = "gnu++20";
				CLANG_ENABLE_MODULES = YES;
				CLANG_ENABLE_OBJC_ARC = YES;
				CLANG_ENABLE_OBJC_WEAK = YES;
				CLANG_WARN_BLOCK_CAPTURE_AUTORELEASING = YES;
				CLANG_WARN_BOOL_CONVERSION = YES;
				CLANG_WARN_COMMA = YES;
				CLANG_WARN_CONSTANT_CONVERSION = YES;
				CLANG_WARN_DEPRECATED_OBJC_IMPLEMENTATIONS = YES;
				CLANG_WARN_DIRECT_OBJC_ISA_USAGE = YES_ERROR;
				CLANG_WARN_DOCUMENTATION_COMMENTS = YES;
				CLANG_WARN_EMPTY_BODY = YES;
				CLANG_WARN_ENUM_CONVERSION = YES;
				CLANG_WARN_INFINITE_RECURSION = YES;
				CLANG_WARN_INT_CONVERSION = YES;
				CLANG_WARN_NON_LITERAL_NULL_CONVERSION = YES;
				CLANG_WARN_OBJC_IMPLICIT_RETAIN_SELF = YES;
				CLANG_WARN_OBJC_LITERAL_CONVERSION = YES;
				CLANG_WARN_OBJC_ROOT_CLASS = YES_ERROR;
				CLANG_WARN_QUOTED_INCLUDE_IN_FRAMEWORK_HEADER = YES;
				CLANG_WARN_RANGE_LOOP_ANALYSIS = YES;
				CLANG_WARN_STRICT_PROTOTYPES = YES;
				CLANG_WARN_SUSPICIOUS_MOVE = YES;
				CLANG_WARN_UNGUARDED_AVAILABILITY = YES_AGGRESSIVE;
				CLANG_WARN_UNREACHABLE_CODE = YES;
				CLANG_WARN__DUPLICATE_METHOD_MATCH = YES;
				COPY_PHASE_STRIP = NO;
				DEBUG_INFORMATION_FORMAT = dwarf;
				ENABLE_STRICT_OBJC_MSGSEND = YES;
				ENABLE_TESTABILITY = YES;
				ENABLE_USER_SCRIPT_SANDBOXING = YES;
				GCC_C_LANGUAGE_STANDARD = gnu17;
				GCC_DYNAMIC_NO_PIC = NO;
				GCC_NO_COMMON_BLOCKS = YES;
				GCC_OPTIMIZATION_LEVEL = 0;
				GCC_PREPROCESSOR_DEFINITIONS = (
					"DEBUG=1",
					"$(inherited)",
				);
				GCC_WARN_64_TO_32_BIT_CONVERSION = YES;
				GCC_WARN_ABOUT_RETURN_TYPE = YES_ERROR;
				GCC_WARN_UNDECLARED_SELECTOR = YES;
				GCC_WARN_UNINITIALIZED_AUTOS = YES_AGGRESSIVE;
				GCC_WARN_UNUSED_FUNCTION = YES;
				GCC_WARN_UNUSED_VARIABLE = YES;
				IPHONEOS_DEPLOYMENT_TARGET = 17.2;
				LOCALIZATION_PREFERS_STRING_CATALOGS = YES;
				MTL_ENABLE_DEBUG_INFO = INCLUDE_SOURCE;
				MTL_FAST_MATH = YES;
				ONLY_ACTIVE_ARCH = YES;
				SDKROOT = iphoneos;
				SWIFT_ACTIVE_COMPILATION_CONDITIONS = "DEBUG $(inherited)";
				SWIFT_OPTIMIZATION_LEVEL = "-Onone";
			};
			name = Debug;
		};
		BA685F602BF0971300469661 /* Release */ = {
			isa = XCBuildConfiguration;
			buildSettings = {
				ALWAYS_SEARCH_USER_PATHS = NO;
				ASSETCATALOG_COMPILER_GENERATE_SWIFT_ASSET_SYMBOL_EXTENSIONS = YES;
				CLANG_ANALYZER_NONNULL = YES;
				CLANG_ANALYZER_NUMBER_OBJECT_CONVERSION = YES_AGGRESSIVE;
				CLANG_CXX_LANGUAGE_STANDARD = "gnu++20";
				CLANG_ENABLE_MODULES = YES;
				CLANG_ENABLE_OBJC_ARC = YES;
				CLANG_ENABLE_OBJC_WEAK = YES;
				CLANG_WARN_BLOCK_CAPTURE_AUTORELEASING = YES;
				CLANG_WARN_BOOL_CONVERSION = YES;
				CLANG_WARN_COMMA = YES;
				CLANG_WARN_CONSTANT_CONVERSION = YES;
				CLANG_WARN_DEPRECATED_OBJC_IMPLEMENTATIONS = YES;
				CLANG_WARN_DIRECT_OBJC_ISA_USAGE = YES_ERROR;
				CLANG_WARN_DOCUMENTATION_COMMENTS = YES;
				CLANG_WARN_EMPTY_BODY = YES;
				CLANG_WARN_ENUM_CONVERSION = YES;
				CLANG_WARN_INFINITE_RECURSION = YES;
				CLANG_WARN_INT_CONVERSION = YES;
				CLANG_WARN_NON_LITERAL_NULL_CONVERSION = YES;
				CLANG_WARN_OBJC_IMPLICIT_RETAIN_SELF = YES;
				CLANG_WARN_OBJC_LITERAL_CONVERSION = YES;
				CLANG_WARN_OBJC_ROOT_CLASS = YES_ERROR;
				CLANG_WARN_QUOTED_INCLUDE_IN_FRAMEWORK_HEADER = YES;
				CLANG_WARN_RANGE_LOOP_ANALYSIS = YES;
				CLANG_WARN_STRICT_PROTOTYPES = YES;
				CLANG_WARN_SUSPICIOUS_MOVE = YES;
				CLANG_WARN_UNGUARDED_AVAILABILITY = YES_AGGRESSIVE;
				CLANG_WARN_UNREACHABLE_CODE = YES;
				CLANG_WARN__DUPLICATE_METHOD_MATCH = YES;
				COPY_PHASE_STRIP = NO;
				DEBUG_INFORMATION_FORMAT = "dwarf-with-dsym";
				ENABLE_NS_ASSERTIONS = NO;
				ENABLE_STRICT_OBJC_MSGSEND = YES;
				ENABLE_USER_SCRIPT_SANDBOXING = YES;
				GCC_C_LANGUAGE_STANDARD = gnu17;
				GCC_NO_COMMON_BLOCKS = YES;
				GCC_WARN_64_TO_32_BIT_CONVERSION = YES;
				GCC_WARN_ABOUT_RETURN_TYPE = YES_ERROR;
				GCC_WARN_UNDECLARED_SELECTOR = YES;
				GCC_WARN_UNINITIALIZED_AUTOS = YES_AGGRESSIVE;
				GCC_WARN_UNUSED_FUNCTION = YES;
				GCC_WARN_UNUSED_VARIABLE = YES;
				IPHONEOS_DEPLOYMENT_TARGET = 17.2;
				LOCALIZATION_PREFERS_STRING_CATALOGS = YES;
				MTL_ENABLE_DEBUG_INFO = NO;
				MTL_FAST_MATH = YES;
				SDKROOT = iphoneos;
				SWIFT_COMPILATION_MODE = wholemodule;
				VALIDATE_PRODUCT = YES;
			};
			name = Release;
		};
		BA685F622BF0971300469661 /* Debug */ = {
			isa = XCBuildConfiguration;
			buildSettings = {
				ASSETCATALOG_COMPILER_APPICON_NAME = AppIcon;
				ASSETCATALOG_COMPILER_GLOBAL_ACCENT_COLOR_NAME = AccentColor;
				CODE_SIGN_STYLE = Automatic;
				CURRENT_PROJECT_VERSION = 1;
				DEVELOPMENT_ASSET_PATHS = "\"SwiftfulCrypto/Preview Content\"";
				DEVELOPMENT_TEAM = ARSZYU7AJ8;
				ENABLE_PREVIEWS = YES;
				GENERATE_INFOPLIST_FILE = YES;
				INFOPLIST_KEY_CFBundleDisplayName = "Crypto Tracker";
				INFOPLIST_KEY_UIApplicationSceneManifest_Generation = YES;
				INFOPLIST_KEY_UIApplicationSupportsIndirectInputEvents = YES;
				INFOPLIST_KEY_UILaunchScreen_Generation = YES;
				INFOPLIST_KEY_UISupportedInterfaceOrientations = UIInterfaceOrientationPortrait;
				INFOPLIST_KEY_UISupportedInterfaceOrientations_iPad = "UIInterfaceOrientationPortrait UIInterfaceOrientationPortraitUpsideDown";
				LD_RUNPATH_SEARCH_PATHS = (
					"$(inherited)",
					"@executable_path/Frameworks",
				);
				MARKETING_VERSION = 1.0;
				PRODUCT_BUNDLE_IDENTIFIER = com.peppermint100.SwiftfulCrypto;
				PRODUCT_NAME = "$(TARGET_NAME)";
				SWIFT_EMIT_LOC_STRINGS = YES;
				SWIFT_VERSION = 5.0;
				TARGETED_DEVICE_FAMILY = "1,2";
			};
			name = Debug;
		};
		BA685F632BF0971300469661 /* Release */ = {
			isa = XCBuildConfiguration;
			buildSettings = {
				ASSETCATALOG_COMPILER_APPICON_NAME = AppIcon;
				ASSETCATALOG_COMPILER_GLOBAL_ACCENT_COLOR_NAME = AccentColor;
				CODE_SIGN_STYLE = Automatic;
				CURRENT_PROJECT_VERSION = 1;
				DEVELOPMENT_ASSET_PATHS = "\"SwiftfulCrypto/Preview Content\"";
				DEVELOPMENT_TEAM = ARSZYU7AJ8;
				ENABLE_PREVIEWS = YES;
				GENERATE_INFOPLIST_FILE = YES;
				INFOPLIST_KEY_CFBundleDisplayName = "Crypto Tracker";
				INFOPLIST_KEY_UIApplicationSceneManifest_Generation = YES;
				INFOPLIST_KEY_UIApplicationSupportsIndirectInputEvents = YES;
				INFOPLIST_KEY_UILaunchScreen_Generation = YES;
				INFOPLIST_KEY_UISupportedInterfaceOrientations = UIInterfaceOrientationPortrait;
				INFOPLIST_KEY_UISupportedInterfaceOrientations_iPad = "UIInterfaceOrientationPortrait UIInterfaceOrientationPortraitUpsideDown";
				LD_RUNPATH_SEARCH_PATHS = (
					"$(inherited)",
					"@executable_path/Frameworks",
				);
				MARKETING_VERSION = 1.0;
				PRODUCT_BUNDLE_IDENTIFIER = com.peppermint100.SwiftfulCrypto;
				PRODUCT_NAME = "$(TARGET_NAME)";
				SWIFT_EMIT_LOC_STRINGS = YES;
				SWIFT_VERSION = 5.0;
				TARGETED_DEVICE_FAMILY = "1,2";
			};
			name = Release;
		};
/* End XCBuildConfiguration section */

/* Begin XCConfigurationList section */
		BA685F4E2BF0971200469661 /* Build configuration list for PBXProject "SwiftfulCrypto" */ = {
			isa = XCConfigurationList;
			buildConfigurations = (
				BA685F5F2BF0971300469661 /* Debug */,
				BA685F602BF0971300469661 /* Release */,
			);
			defaultConfigurationIsVisible = 0;
			defaultConfigurationName = Release;
		};
		BA685F612BF0971300469661 /* Build configuration list for PBXNativeTarget "SwiftfulCrypto" */ = {
			isa = XCConfigurationList;
			buildConfigurations = (
				BA685F622BF0971300469661 /* Debug */,
				BA685F632BF0971300469661 /* Release */,
			);
			defaultConfigurationIsVisible = 0;
			defaultConfigurationName = Release;
		};
/* End XCConfigurationList section */
	};
	rootObject = BA685F4B2BF0971200469661 /* Project object */;
}
